
Microsoft Visual Studio Solution File, Format Version 12.00
# Visual Studio Version 16
VisualStudioVersion = 25.0.1706.3
MinimumVisualStudioVersion = 10.0.40219.1
Project("{FAE04EC0-301F-11D3-BF4B-00C04F79EFBC}") = "FormulaEvaluator", "FormulaEvaluator\FormulaEvaluator.csproj", "{5B39520B-531F-4A2B-8BF9-959D69667160}"
EndProject
Project("{FAE04EC0-301F-11D3-BF4B-00C04F79EFBC}") = "DependencyGraph", "DependencyGraph\DependencyGraph.csproj", "{DDC8B947-74F4-48FE-B8EE-412DF1034EEA}"
EndProject
Project("{FAE04EC0-301F-11D3-BF4B-00C04F79EFBC}") = "DependencyGraphTests", "DependencyGraphTests\DependencyGraphTests.csproj", "{21FA6ECB-A8AA-4C6D-B1E6-1B27B29DCBDE}"
EndProject
Project("{FAE04EC0-301F-11D3-BF4B-00C04F79EFBC}") = "DependencyConsole", "DependencyConsole\DependencyConsole.csproj", "{E1C64058-443F-4484-B4AE-0BBAA94D4A84}"
EndProject
Project("{FAE04EC0-301F-11D3-BF4B-00C04F79EFBC}") = "FormulaEvaluatorTests", "FormulaEvaluatorTests\FormulaEvaluatorTests.csproj", "{49FA60D8-E4A0-4833-A70F-86ADD0B42C4F}"
EndProject
Project("{FAE04EC0-301F-11D3-BF4B-00C04F79EFBC}") = "Formula", "Formula\Formula.csproj", "{2FA9981D-72AA-4732-A6BC-BF1AC1B790E1}"
EndProject
Project("{FAE04EC0-301F-11D3-BF4B-00C04F79EFBC}") = "FormulaTests", "FormulaTests\FormulaTests.csproj", "{CDED1794-A388-44D3-953C-1C85C90C3BD9}"
EndProject
Project("{FAE04EC0-301F-11D3-BF4B-00C04F79EFBC}") = "FormulaConsole", "FormulaConsole\FormulaConsole.csproj", "{A83F1CF1-D32E-4BC2-81CF-3E5549EA1CE7}"
EndProject
Project("{FAE04EC0-301F-11D3-BF4B-00C04F79EFBC}") = "Spreadsheet", "Spreadsheet\Spreadsheet.csproj", "{14FE814A-99D7-4846-9924-DD65AB6A713F}"
EndProject
Project("{FAE04EC0-301F-11D3-BF4B-00C04F79EFBC}") = "SpreadsheetTests", "SpreadsheetTests\SpreadsheetTests.csproj", "{9D428B7D-7750-42DC-B58C-6DC755F12D49}"
EndProject
Project("{FAE04EC0-301F-11D3-BF4B-00C04F79EFBC}") = "SpreadsheetConsole", "SpreadsheetConsole\SpreadsheetConsole.csproj", "{14E67A41-5C23-4622-A01A-2A10BBFCCE8C}"
EndProject
Global
	GlobalSection(SolutionConfigurationPlatforms) = preSolution
		Debug|Any CPU = Debug|Any CPU
		Release|Any CPU = Release|Any CPU
	EndGlobalSection
	GlobalSection(ProjectConfigurationPlatforms) = postSolution
		{5B39520B-531F-4A2B-8BF9-959D69667160}.Debug|Any CPU.ActiveCfg = Debug|Any CPU
		{5B39520B-531F-4A2B-8BF9-959D69667160}.Debug|Any CPU.Build.0 = Debug|Any CPU
		{5B39520B-531F-4A2B-8BF9-959D69667160}.Release|Any CPU.ActiveCfg = Release|Any CPU
		{5B39520B-531F-4A2B-8BF9-959D69667160}.Release|Any CPU.Build.0 = Release|Any CPU
		{DDC8B947-74F4-48FE-B8EE-412DF1034EEA}.Debug|Any CPU.ActiveCfg = Debug|Any CPU
		{DDC8B947-74F4-48FE-B8EE-412DF1034EEA}.Debug|Any CPU.Build.0 = Debug|Any CPU
		{DDC8B947-74F4-48FE-B8EE-412DF1034EEA}.Release|Any CPU.ActiveCfg = Release|Any CPU
		{DDC8B947-74F4-48FE-B8EE-412DF1034EEA}.Release|Any CPU.Build.0 = Release|Any CPU
		{21FA6ECB-A8AA-4C6D-B1E6-1B27B29DCBDE}.Debug|Any CPU.ActiveCfg = Debug|Any CPU
		{21FA6ECB-A8AA-4C6D-B1E6-1B27B29DCBDE}.Debug|Any CPU.Build.0 = Debug|Any CPU
		{21FA6ECB-A8AA-4C6D-B1E6-1B27B29DCBDE}.Release|Any CPU.ActiveCfg = Release|Any CPU
		{21FA6ECB-A8AA-4C6D-B1E6-1B27B29DCBDE}.Release|Any CPU.Build.0 = Release|Any CPU
		{E1C64058-443F-4484-B4AE-0BBAA94D4A84}.Debug|Any CPU.ActiveCfg = Debug|Any CPU
		{E1C64058-443F-4484-B4AE-0BBAA94D4A84}.Debug|Any CPU.Build.0 = Debug|Any CPU
		{E1C64058-443F-4484-B4AE-0BBAA94D4A84}.Release|Any CPU.ActiveCfg = Release|Any CPU
		{E1C64058-443F-4484-B4AE-0BBAA94D4A84}.Release|Any CPU.Build.0 = Release|Any CPU
		{49FA60D8-E4A0-4833-A70F-86ADD0B42C4F}.Debug|Any CPU.ActiveCfg = Debug|Any CPU
		{49FA60D8-E4A0-4833-A70F-86ADD0B42C4F}.Debug|Any CPU.Build.0 = Debug|Any CPU
		{49FA60D8-E4A0-4833-A70F-86ADD0B42C4F}.Release|Any CPU.ActiveCfg = Release|Any CPU
		{49FA60D8-E4A0-4833-A70F-86ADD0B42C4F}.Release|Any CPU.Build.0 = Release|Any CPU
		{2FA9981D-72AA-4732-A6BC-BF1AC1B790E1}.Debug|Any CPU.ActiveCfg = Debug|Any CPU
		{2FA9981D-72AA-4732-A6BC-BF1AC1B790E1}.Debug|Any CPU.Build.0 = Debug|Any CPU
		{2FA9981D-72AA-4732-A6BC-BF1AC1B790E1}.Release|Any CPU.ActiveCfg = Release|Any CPU
		{2FA9981D-72AA-4732-A6BC-BF1AC1B790E1}.Release|Any CPU.Build.0 = Release|Any CPU
		{CDED1794-A388-44D3-953C-1C85C90C3BD9}.Debug|Any CPU.ActiveCfg = Debug|Any CPU
		{CDED1794-A388-44D3-953C-1C85C90C3BD9}.Debug|Any CPU.Build.0 = Debug|Any CPU
		{CDED1794-A388-44D3-953C-1C85C90C3BD9}.Release|Any CPU.ActiveCfg = Release|Any CPU
		{CDED1794-A388-44D3-953C-1C85C90C3BD9}.Release|Any CPU.Build.0 = Release|Any CPU
		{A83F1CF1-D32E-4BC2-81CF-3E5549EA1CE7}.Debug|Any CPU.ActiveCfg = Debug|Any CPU
		{A83F1CF1-D32E-4BC2-81CF-3E5549EA1CE7}.Debug|Any CPU.Build.0 = Debug|Any CPU
		{A83F1CF1-D32E-4BC2-81CF-3E5549EA1CE7}.Release|Any CPU.ActiveCfg = Release|Any CPU
		{A83F1CF1-D32E-4BC2-81CF-3E5549EA1CE7}.Release|Any CPU.Build.0 = Release|Any CPU
		{14FE814A-99D7-4846-9924-DD65AB6A713F}.Debug|Any CPU.ActiveCfg = Debug|Any CPU
		{14FE814A-99D7-4846-9924-DD65AB6A713F}.Debug|Any CPU.Build.0 = Debug|Any CPU
		{14FE814A-99D7-4846-9924-DD65AB6A713F}.Release|Any CPU.ActiveCfg = Release|Any CPU
		{14FE814A-99D7-4846-9924-DD65AB6A713F}.Release|Any CPU.Build.0 = Release|Any CPU
		{9D428B7D-7750-42DC-B58C-6DC755F12D49}.Debug|Any CPU.ActiveCfg = Debug|Any CPU
		{9D428B7D-7750-42DC-B58C-6DC755F12D49}.Debug|Any CPU.Build.0 = Debug|Any CPU
		{9D428B7D-7750-42DC-B58C-6DC755F12D49}.Release|Any CPU.ActiveCfg = Release|Any CPU
		{9D428B7D-7750-42DC-B58C-6DC755F12D49}.Release|Any CPU.Build.0 = Release|Any CPU
		{14E67A41-5C23-4622-A01A-2A10BBFCCE8C}.Debug|Any CPU.ActiveCfg = Debug|Any CPU
		{14E67A41-5C23-4622-A01A-2A10BBFCCE8C}.Debug|Any CPU.Build.0 = Debug|Any CPU
		{14E67A41-5C23-4622-A01A-2A10BBFCCE8C}.Release|Any CPU.ActiveCfg = Release|Any CPU
		{14E67A41-5C23-4622-A01A-2A10BBFCCE8C}.Release|Any CPU.Build.0 = Release|Any CPU
	EndGlobalSection
	GlobalSection(SolutionProperties) = preSolution
		HideSolutionNode = FALSE
	EndGlobalSection
	GlobalSection(ExtensibilityGlobals) = postSolution
		SolutionGuid = {FAEEBE67-7617-4A5F-A931-A65D5E122BE8}
	EndGlobalSection
EndGlobal
